
Microsoft Visual Studio Solution File, Format Version 12.00
# Visual Studio Version 17
VisualStudioVersion = 17.12.35527.113 d17.12
MinimumVisualStudioVersion = 10.0.40219.1
Project("{FAE04EC0-301F-11D3-BF4B-00C04F79EFBC}") = "Steven_Javier_P2_AP1", "Steven_Javier_P2_AP1.csproj", "{D71DDA9C-9C3E-48B6-A1C2-06D2AEFB4057}"
EndProject
Global
	GlobalSection(SolutionConfigurationPlatforms) = preSolution
		Debug|Any CPU = Debug|Any CPU
		Release|Any CPU = Release|Any CPU
	EndGlobalSection
	GlobalSection(ProjectConfigurationPlatforms) = postSolution
		{D71DDA9C-9C3E-48B6-A1C2-06D2AEFB4057}.Debug|Any CPU.ActiveCfg = Debug|Any CPU
		{D71DDA9C-9C3E-48B6-A1C2-06D2AEFB4057}.Debug|Any CPU.Build.0 = Debug|Any CPU
		{D71DDA9C-9C3E-48B6-A1C2-06D2AEFB4057}.Release|Any CPU.ActiveCfg = Release|Any CPU
		{D71DDA9C-9C3E-48B6-A1C2-06D2AEFB4057}.Release|Any CPU.Build.0 = Release|Any CPU
	EndGlobalSection
	GlobalSection(SolutionProperties) = preSolution
		HideSolutionNode = FALSE
	EndGlobalSection
EndGlobal
